<?xml version="1.0" encoding="utf-8"?>
<Project ToolsVersion="4.0" xmlns="http://schemas.microsoft.com/developer/msbuild/2003">
  <ItemGroup>
    <Filter Include="Common">
      <UniqueIdentifier>90719f56-db86-4d76-9f1b-ca26983ffd85</UniqueIdentifier>
    </Filter>
    <Filter Include="Assets">
      <UniqueIdentifier>1e8ac116-b036-4fc6-9bb0-fac57b201dbf</UniqueIdentifier>
      <Extensions>ico;cur;bmp;dds;dlg;fbx;rct;bin;rgs;gif;jpg;jpeg;jpe;resx;tga;tiff;tif;png;wav;mfcribbon-ms</Extensions>
    </Filter>
    <Filter Include="Scene">
      <UniqueIdentifier>{b6194c1c-a6ac-4d32-a668-3b525bcd63f6}</UniqueIdentifier>
    </Filter>
    <Filter Include="Object">
      <UniqueIdentifier>{a546a32a-12e0-4af7-bd32-83ce61ccd3d9}</UniqueIdentifier>
    </Filter>
    <Filter Include="NetWork">
      <UniqueIdentifier>{5c067e64-bcdc-424b-84fa-fd3024c1bad6}</UniqueIdentifier>
    </Filter>
    <Filter Include="Utility">
      <UniqueIdentifier>{6499ec90-eca7-4c93-b565-6ce112dc8c1c}</UniqueIdentifier>
    </Filter>
    <Filter Include="Animation">
      <UniqueIdentifier>{dd6bc3fc-6983-4f71-9e0d-266ab6288a09}</UniqueIdentifier>
    </Filter>
  </ItemGroup>
  <ItemGroup>
    <ClInclude Include="pch.h" />
    <ClInclude Include="Game.h" />
    <ClInclude Include="StepTimer.h">
      <Filter>Common</Filter>
    </ClInclude>
    <ClInclude Include="DeviceResources.h">
      <Filter>Common</Filter>
    </ClInclude>
    <ClInclude Include="Scene\SceneBase.h">
      <Filter>Scene</Filter>
    </ClInclude>
    <ClInclude Include="Scene\SceneManager.h">
      <Filter>Scene</Filter>
    </ClInclude>
    <ClInclude Include="NetWork\Http.h">
      <Filter>NetWork</Filter>
    </ClInclude>
    <ClInclude Include="NetWork\picojson.h">
      <Filter>NetWork</Filter>
    </ClInclude>
    <ClInclude Include="Scene\PlayScene.h">
      <Filter>Scene</Filter>
    </ClInclude>
    <ClInclude Include="Object\Object.h">
      <Filter>Object</Filter>
    </ClInclude>
    <ClInclude Include="Common\DrawManager.h">
      <Filter>Common</Filter>
    </ClInclude>
    <ClInclude Include="Common\InputManager.h">
      <Filter>Common</Filter>
    </ClInclude>
    <ClInclude Include="Utility\Flag.h">
      <Filter>Utility</Filter>
    </ClInclude>
    <ClInclude Include="Common\DrawData.h">
      <Filter>Common</Filter>
    </ClInclude>
    <ClInclude Include="Object\Bullet.h">
      <Filter>Object</Filter>
    </ClInclude>
    <ClInclude Include="Object\Player.h">
      <Filter>Object</Filter>
    </ClInclude>
    <ClInclude Include="Scene\DownloadScene.h">
      <Filter>Scene</Filter>
    </ClInclude>
    <ClInclude Include="Object\Enemy.h">
      <Filter>Object</Filter>
    </ClInclude>
    <ClInclude Include="Object\EnemyManager.h">
      <Filter>Object</Filter>
    </ClInclude>
    <ClInclude Include="Utility\Collision.h">
      <Filter>Utility</Filter>
    </ClInclude>
    <ClInclude Include="NetWork\Json.h">
      <Filter>NetWork</Filter>
    </ClInclude>
    <ClInclude Include="Scene\TitleScene.h">
      <Filter>Scene</Filter>
    </ClInclude>
    <ClInclude Include="Utility\Score.h">
      <Filter>Utility</Filter>
    </ClInclude>
    <ClInclude Include="Scene\LoginScene.h">
      <Filter>Scene</Filter>
    </ClInclude>
    <ClInclude Include="Common\StreamManager.h">
      <Filter>Common</Filter>
    </ClInclude>
    <ClInclude Include="Utility\Fadein.h">
      <Filter>Utility</Filter>
    </ClInclude>
    <ClInclude Include="NetWork\UserData.h">
      <Filter>NetWork</Filter>
    </ClInclude>
    <ClInclude Include="Utility\TextBox.h">
      <Filter>Utility</Filter>
    </ClInclude>
    <ClInclude Include="Animation\Animation.h">
      <Filter>Animation</Filter>
    </ClInclude>
    <ClInclude Include="Scene\PlayerCustomScene.h">
      <Filter>Scene</Filter>
    </ClInclude>
  </ItemGroup>
  <ItemGroup>
    <ClCompile Include="pch.cpp" />
    <ClCompile Include="Game.cpp" />
    <ClCompile Include="Main.cpp" />
    <ClCompile Include="DeviceResources.cpp">
      <Filter>Common</Filter>
    </ClCompile>
    <ClCompile Include="Scene\SceneManager.cpp">
      <Filter>Scene</Filter>
    </ClCompile>
    <ClCompile Include="Scene\SceneBase.cpp">
      <Filter>Scene</Filter>
    </ClCompile>
    <ClCompile Include="NetWork\Http.cpp">
      <Filter>NetWork</Filter>
    </ClCompile>
    <ClCompile Include="Scene\PlayScene.cpp">
      <Filter>Scene</Filter>
    </ClCompile>
    <ClCompile Include="Object\Object.cpp">
      <Filter>Object</Filter>
    </ClCompile>
    <ClCompile Include="Common\DrawManager.cpp">
      <Filter>Common</Filter>
    </ClCompile>
    <ClCompile Include="Common\InputManager.cpp">
      <Filter>Common</Filter>
    </ClCompile>
    <ClCompile Include="Common\DrawData.cpp">
      <Filter>Common</Filter>
    </ClCompile>
    <ClCompile Include="Object\Bullet.cpp">
      <Filter>Object</Filter>
    </ClCompile>
    <ClCompile Include="Object\Player.cpp">
      <Filter>Object</Filter>
    </ClCompile>
    <ClCompile Include="Scene\DownloadScene.cpp">
      <Filter>Scene</Filter>
    </ClCompile>
    <ClCompile Include="Object\Enemy.cpp">
      <Filter>Object</Filter>
    </ClCompile>
    <ClCompile Include="Object\EnemyManager.cpp">
      <Filter>Object</Filter>
    </ClCompile>
    <ClCompile Include="Utility\Collision.cpp">
      <Filter>Utility</Filter>
    </ClCompile>
    <ClCompile Include="NetWork\Json.cpp">
      <Filter>NetWork</Filter>
    </ClCompile>
    <ClCompile Include="Scene\TitleScene.cpp">
      <Filter>Scene</Filter>
    </ClCompile>
    <ClCompile Include="Utility\Score.cpp">
      <Filter>Utility</Filter>
    </ClCompile>
    <ClCompile Include="Scene\LoginScene.cpp">
      <Filter>Scene</Filter>
    </ClCompile>
    <ClCompile Include="Common\StreamManager.cpp">
      <Filter>Common</Filter>
    </ClCompile>
    <ClCompile Include="Utility\Fadein.cpp">
      <Filter>Utility</Filter>
    </ClCompile>
    <ClCompile Include="NetWork\UserData.cpp">
      <Filter>NetWork</Filter>
    </ClCompile>
    <ClCompile Include="Utility\TextBox.cpp">
      <Filter>Utility</Filter>
    </ClCompile>
    <ClCompile Include="Animation\Animation.cpp">
      <Filter>Animation</Filter>
    </ClCompile>
    <ClCompile Include="Scene\PlayerCustomScene.cpp">
      <Filter>Scene</Filter>
    </ClCompile>
  </ItemGroup>
  <ItemGroup>
    <ResourceCompile Include="resource.rc" />
  </ItemGroup>
  <ItemGroup>
    <Image Include="directx.ico">
      <Filter>Assets</Filter>
    </Image>
  </ItemGroup>
  <ItemGroup>
    <Manifest Include="settings.manifest">
      <Filter>Assets</Filter>
    </Manifest>
  </ItemGroup>
</Project>